
Microsoft Visual Studio Solution File, Format Version 12.00
# Visual Studio Version 17
VisualStudioVersion = 17.0.32014.148
MinimumVisualStudioVersion = 10.0.40219.1
Project("{9A19103F-16F7-4668-BE54-9A1E7A4F7556}") = "WindowsFormsApp1", "WindowsFormsApp1.csproj", "{A7FC6B36-E9AF-4D49-920B-8DDC6E42BBAE}"
EndProject
Global
	GlobalSection(SolutionConfigurationPlatforms) = preSolution
		Debug|Any CPU = Debug|Any CPU
		Release|Any CPU = Release|Any CPU
	EndGlobalSection
	GlobalSection(ProjectConfigurationPlatforms) = postSolution
		{A7FC6B36-E9AF-4D49-920B-8DDC6E42BBAE}.Debug|Any CPU.ActiveCfg = Debug|Any CPU
		{A7FC6B36-E9AF-4D49-920B-8DDC6E42BBAE}.Debug|Any CPU.Build.0 = Debug|Any CPU
		{A7FC6B36-E9AF-4D49-920B-8DDC6E42BBAE}.Release|Any CPU.ActiveCfg = Release|Any CPU
		{A7FC6B36-E9AF-4D49-920B-8DDC6E42BBAE}.Release|Any CPU.Build.0 = Release|Any CPU
	EndGlobalSection
	GlobalSection(SolutionProperties) = preSolution
		HideSolutionNode = FALSE
	EndGlobalSection
	GlobalSection(ExtensibilityGlobals) = postSolution
		SolutionGuid = {1BA1B99E-68D3-4B5B-9642-B1B9F7825370}
	EndGlobalSection
EndGlobal
